
Microsoft Visual Studio Solution File, Format Version 12.00
# Visual Studio Version 16
VisualStudioVersion = 16.0.30011.22
MinimumVisualStudioVersion = 10.0.40219.1
Project("{FAE04EC0-301F-11D3-BF4B-00C04F79EFBC}") = "ExploreLondon", "ExploreLondon.csproj", "{5F915C7C-2865-41B5-A85D-6EA41ADDE05B}"
EndProject
Global
	GlobalSection(SolutionConfigurationPlatforms) = preSolution
		Debug|Any CPU = Debug|Any CPU
		Release|Any CPU = Release|Any CPU
	EndGlobalSection
	GlobalSection(ProjectConfigurationPlatforms) = postSolution
		{5F915C7C-2865-41B5-A85D-6EA41ADDE05B}.Debug|Any CPU.ActiveCfg = Debug|Any CPU
		{5F915C7C-2865-41B5-A85D-6EA41ADDE05B}.Debug|Any CPU.Build.0 = Debug|Any CPU
		{5F915C7C-2865-41B5-A85D-6EA41ADDE05B}.Release|Any CPU.ActiveCfg = Release|Any CPU
		{5F915C7C-2865-41B5-A85D-6EA41ADDE05B}.Release|Any CPU.Build.0 = Release|Any CPU
	EndGlobalSection
	GlobalSection(SolutionProperties) = preSolution
		HideSolutionNode = FALSE
	EndGlobalSection
	GlobalSection(ExtensibilityGlobals) = postSolution
		SolutionGuid = {3D1CE2C4-95BE-4CAB-AAE7-28CC1222CF9E}
	EndGlobalSection
EndGlobal
